
Microsoft Visual Studio Solution File, Format Version 11.00
# Visual Studio 2010
Project("{FAE04EC0-301F-11D3-BF4B-00C04F79EFBC}") = "CriteriaSearchBoxSampleWebService.Net", "CriteriaSearchBoxSampleWebService.Net\CriteriaSearchBoxSampleWebService.Net.csproj", "{E0B3734E-96A7-4141-8693-EC9316221D4C}"
EndProject
Global
	GlobalSection(SolutionConfigurationPlatforms) = preSolution
		Debug|Any CPU = Debug|Any CPU
		Release|Any CPU = Release|Any CPU
	EndGlobalSection
	GlobalSection(ProjectConfigurationPlatforms) = postSolution
		{E0B3734E-96A7-4141-8693-EC9316221D4C}.Debug|Any CPU.ActiveCfg = Debug|Any CPU
		{E0B3734E-96A7-4141-8693-EC9316221D4C}.Debug|Any CPU.Build.0 = Debug|Any CPU
		{E0B3734E-96A7-4141-8693-EC9316221D4C}.Release|Any CPU.ActiveCfg = Release|Any CPU
		{E0B3734E-96A7-4141-8693-EC9316221D4C}.Release|Any CPU.Build.0 = Release|Any CPU
	EndGlobalSection
	GlobalSection(SolutionProperties) = preSolution
		HideSolutionNode = FALSE
	EndGlobalSection
EndGlobal
